
Microsoft Visual Studio Solution File, Format Version 12.00
# Visual Studio Version 17
VisualStudioVersion = 17.3.32929.385
MinimumVisualStudioVersion = 10.0.40219.1
Project("{9A19103F-16F7-4668-BE54-9A1E7A4F7556}") = "TechnicalTest", "TechnicalTest.csproj", "{265C8BB3-2579-4547-B303-7A6D809E395E}"
EndProject
Global
	GlobalSection(SolutionConfigurationPlatforms) = preSolution
		Debug|Any CPU = Debug|Any CPU
		Release|Any CPU = Release|Any CPU
	EndGlobalSection
	GlobalSection(ProjectConfigurationPlatforms) = postSolution
		{265C8BB3-2579-4547-B303-7A6D809E395E}.Debug|Any CPU.ActiveCfg = Debug|Any CPU
		{265C8BB3-2579-4547-B303-7A6D809E395E}.Debug|Any CPU.Build.0 = Debug|Any CPU
		{265C8BB3-2579-4547-B303-7A6D809E395E}.Release|Any CPU.ActiveCfg = Release|Any CPU
		{265C8BB3-2579-4547-B303-7A6D809E395E}.Release|Any CPU.Build.0 = Release|Any CPU
	EndGlobalSection
	GlobalSection(SolutionProperties) = preSolution
		HideSolutionNode = FALSE
	EndGlobalSection
	GlobalSection(ExtensibilityGlobals) = postSolution
		SolutionGuid = {28C73273-DE42-4E06-A09E-ABA97230219E}
	EndGlobalSection
EndGlobal
